// !$*UTF8*$!
{
	archiveVersion = 1;
	classes = {
	};
	objectVersion = 46;
	objects = {

/* Begin PBXBuildFile section */
		1D41D1B01EE090EF00EB94A6 /* example_convert.cpp in Sources */ = {isa = PBXBuildFile; fileRef = 1D41D1AF1EE090EF00EB94A6 /* example_convert.cpp */; };
		1D41D1CD1EE09FFB00EB94A6 /* libopennurbs_public.a in Frameworks */ = {isa = PBXBuildFile; fileRef = 1D41D1CC1EE09FFB00EB94A6 /* libopennurbs_public.a */; };
		1D41D1CF1EE09FFF00EB94A6 /* libopennurbs_public_freetype.a in Frameworks */ = {isa = PBXBuildFile; fileRef = 1D41D1CE1EE09FFF00EB94A6 /* libopennurbs_public_freetype.a */; };
		1D41D1D11EE0A00500EB94A6 /* libopennurbs_public_zlib.a in Frameworks */ = {isa = PBXBuildFile; fileRef = 1D41D1D01EE0A00500EB94A6 /* libopennurbs_public_zlib.a */; };
		1D77E38F1EE20FD000994B0B /* Cocoa.framework in Frameworks */ = {isa = PBXBuildFile; fileRef = 1D77E38E1EE20FD000994B0B /* Cocoa.framework */; };
/* End PBXBuildFile section */

/* Begin PBXCopyFilesBuildPhase section */
		1D41D18E1EE08F4D00EB94A6 /* CopyFiles */ = {
			isa = PBXCopyFilesBuildPhase;
			buildActionMask = 2147483647;
			dstPath = /usr/share/man/man1/;
			dstSubfolderSpec = 0;
			files = (
			);
			runOnlyForDeploymentPostprocessing = 1;
		};
/* End PBXCopyFilesBuildPhase section */

/* Begin PBXFileReference section */
		1D41D1901EE08F4D00EB94A6 /* example_convert */ = {isa = PBXFileReference; explicitFileType = "compiled.mach-o.executable"; includeInIndex = 0; path = example_convert; sourceTree = BUILT_PRODUCTS_DIR; };
		1D41D1AF1EE090EF00EB94A6 /* example_convert.cpp */ = {isa = PBXFileReference; fileEncoding = 4; lastKnownFileType = sourcecode.cpp.cpp; path = example_convert.cpp; sourceTree = "<group>"; };
		1D41D1CC1EE09FFB00EB94A6 /* libopennurbs_public.a */ = {isa = PBXFileReference; lastKnownFileType = archive.ar; name = libopennurbs_public.a; path = ../build/Debug/libopennurbs_public.a; sourceTree = "<group>"; };
		1D41D1CE1EE09FFF00EB94A6 /* libopennurbs_public_freetype.a */ = {isa = PBXFileReference; lastKnownFileType = archive.ar; name = libopennurbs_public_freetype.a; path = ../freetype263/build/Debug/libopennurbs_public_freetype.a; sourceTree = "<group>"; };
		1D41D1D01EE0A00500EB94A6 /* libopennurbs_public_zlib.a */ = {isa = PBXFileReference; lastKnownFileType = archive.ar; name = libopennurbs_public_zlib.a; path = ../zlib/build/Debug/libopennurbs_public_zlib.a; sourceTree = "<group>"; };
		1D77E38E1EE20FD000994B0B /* Cocoa.framework */ = {isa = PBXFileReference; lastKnownFileType = wrapper.framework; name = Cocoa.framework; path = System/Library/Frameworks/Cocoa.framework; sourceTree = SDKROOT; };
/* End PBXFileReference section */

/* Begin PBXFrameworksBuildPhase section */
		1D41D18D1EE08F4D00EB94A6 /* Frameworks */ = {
			isa = PBXFrameworksBuildPhase;
			buildActionMask = 2147483647;
			files = (
				1D77E38F1EE20FD000994B0B /* Cocoa.framework in Frameworks */,
				1D41D1D11EE0A00500EB94A6 /* libopennurbs_public_zlib.a in Frameworks */,
				1D41D1CF1EE09FFF00EB94A6 /* libopennurbs_public_freetype.a in Frameworks */,
				1D41D1CD1EE09FFB00EB94A6 /* libopennurbs_public.a in Frameworks */,
			);
			runOnlyForDeploymentPostprocessing = 0;
		};
/* End PBXFrameworksBuildPhase section */

/* Begin PBXGroup section */
		1D41D1871EE08F4D00EB94A6 = {
			isa = PBXGroup;
			children = (
				1D41D1AF1EE090EF00EB94A6 /* example_convert.cpp */,
				1D41D1911EE08F4D00EB94A6 /* Products */,
				1D41D1CB1EE09FFA00EB94A6 /* Frameworks */,
			);
			sourceTree = "<group>";
		};
		1D41D1911EE08F4D00EB94A6 /* Products */ = {
			isa = PBXGroup;
			children = (
				1D41D1901EE08F4D00EB94A6 /* example_convert */,
			);
			name = Products;
			sourceTree = "<group>";
		};
		1D41D1CB1EE09FFA00EB94A6 /* Frameworks */ = {
			isa = PBXGroup;
			children = (
				1D77E38E1EE20FD000994B0B /* Cocoa.framework */,
				1D41D1D01EE0A00500EB94A6 /* libopennurbs_public_zlib.a */,
				1D41D1CE1EE09FFF00EB94A6 /* libopennurbs_public_freetype.a */,
				1D41D1CC1EE09FFB00EB94A6 /* libopennurbs_public.a */,
			);
			name = Frameworks;
			sourceTree = "<group>";
		};
/* End PBXGroup section */

/* Begin PBXNativeTarget section */
		1D41D18F1EE08F4D00EB94A6 /* example_convert */ = {
			isa = PBXNativeTarget;
			buildConfigurationList = 1D41D1971EE08F4D00EB94A6 /* Build configuration list for PBXNativeTarget "example_convert" */;
			buildPhases = (
				1D41D18C1EE08F4D00EB94A6 /* Sources */,
				1D41D18D1EE08F4D00EB94A6 /* Frameworks */,
				1D41D18E1EE08F4D00EB94A6 /* CopyFiles */,
			);
			buildRules = (
			);
			dependencies = (
			);
			name = example_convert;
			productName = example_convert;
			productReference = 1D41D1901EE08F4D00EB94A6 /* example_convert */;
			productType = "com.apple.product-type.tool";
		};
/* End PBXNativeTarget section */

/* Begin PBXProject section */
		1D41D1881EE08F4D00EB94A6 /* Project object */ = {
			isa = PBXProject;
			attributes = {
				LastUpgradeCheck = 0830;
				ORGANIZATIONNAME = "OpenNURBS 3dm File IO Toolkit";
				TargetAttributes = {
					1D41D18F1EE08F4D00EB94A6 = {
						CreatedOnToolsVersion = 8.3.2;
						ProvisioningStyle = Automatic;
					};
				};
			};
			buildConfigurationList = 1D41D18B1EE08F4D00EB94A6 /* Build configuration list for PBXProject "example_convert" */;
			compatibilityVersion = "Xcode 3.2";
			developmentRegion = en;
			hasScannedForEncodings = 0;
			knownRegions = (
				en,
			);
			mainGroup = 1D41D1871EE08F4D00EB94A6;
			productRefGroup = 1D41D1911EE08F4D00EB94A6 /* Products */;
			projectDirPath = "";
			projectRoot = "";
			targets = (
				1D41D18F1EE08F4D00EB94A6 /* example_convert */,
			);
		};
/* End PBXProject section */

/* Begin PBXSourcesBuildPhase section */
		1D41D18C1EE08F4D00EB94A6 /* Sources */ = {
			isa = PBXSourcesBuildPhase;
			buildActionMask = 2147483647;
			files = (
				1D41D1B01EE090EF00EB94A6 /* example_convert.cpp in Sources */,
			);
			runOnlyForDeploymentPostprocessing = 0;
		};
/* End PBXSourcesBuildPhase section */

/* Begin XCBuildConfiguration section */
		1D41D1951EE08F4D00EB94A6 /* Debug */ = {
			isa = XCBuildConfiguration;
			buildSettings = {
				ALWAYS_SEARCH_USER_PATHS = NO;
				CLANG_ANALYZER_NONNULL = YES;
				CLANG_ANALYZER_NUMBER_OBJECT_CONVERSION = YES_AGGRESSIVE;
				CLANG_CXX_LANGUAGE_STANDARD = "gnu++0x";
				CLANG_CXX_LIBRARY = "libc++";
				CLANG_ENABLE_MODULES = YES;
				CLANG_ENABLE_OBJC_ARC = YES;
				CLANG_WARN_BOOL_CONVERSION = YES;
				CLANG_WARN_CONSTANT_CONVERSION = YES;
				CLANG_WARN_DIRECT_OBJC_ISA_USAGE = YES_ERROR;
				CLANG_WARN_DOCUMENTATION_COMMENTS = YES;
				CLANG_WARN_EMPTY_BODY = YES;
				CLANG_WARN_ENUM_CONVERSION = YES;
				CLANG_WARN_INFINITE_RECURSION = YES;
				CLANG_WARN_INT_CONVERSION = YES;
				CLANG_WARN_OBJC_ROOT_CLASS = YES_ERROR;
				CLANG_WARN_SUSPICIOUS_MOVE = YES;
				CLANG_WARN_UNREACHABLE_CODE = YES;
				CLANG_WARN__DUPLICATE_METHOD_MATCH = YES;
				CODE_SIGN_IDENTITY = "-";
				COPY_PHASE_STRIP = NO;
				DEBUG_INFORMATION_FORMAT = dwarf;
				ENABLE_STRICT_OBJC_MSGSEND = YES;
				ENABLE_TESTABILITY = YES;
				GCC_C_LANGUAGE_STANDARD = gnu99;
				GCC_DYNAMIC_NO_PIC = NO;
				GCC_NO_COMMON_BLOCKS = YES;
				GCC_OPTIMIZATION_LEVEL = 0;
				GCC_PREPROCESSOR_DEFINITIONS = (
					"DEBUG=1",
					"$(inherited)",
				);
				GCC_WARN_64_TO_32_BIT_CONVERSION = YES;
				GCC_WARN_ABOUT_RETURN_TYPE = YES_ERROR;
				GCC_WARN_UNDECLARED_SELECTOR = YES;
				GCC_WARN_UNINITIALIZED_AUTOS = YES_AGGRESSIVE;
				GCC_WARN_UNUSED_FUNCTION = YES;
				GCC_WARN_UNUSED_VARIABLE = YES;
				MACOSX_DEPLOYMENT_TARGET = 10.13;
				MTL_ENABLE_DEBUG_INFO = YES;
				ONLY_ACTIVE_ARCH = YES;
				SDKROOT = macosx;
			};
			name = Debug;
		};
		1D41D1961EE08F4D00EB94A6 /* Release */ = {
			isa = XCBuildConfiguration;
			buildSettings = {
				ALWAYS_SEARCH_USER_PATHS = NO;
				CLANG_ANALYZER_NONNULL = YES;
				CLANG_ANALYZER_NUMBER_OBJECT_CONVERSION = YES_AGGRESSIVE;
				CLANG_CXX_LANGUAGE_STANDARD = "gnu++0x";
				CLANG_CXX_LIBRARY = "libc++";
				CLANG_ENABLE_MODULES = YES;
				CLANG_ENABLE_OBJC_ARC = YES;
				CLANG_WARN_BOOL_CONVERSION = YES;
				CLANG_WARN_CONSTANT_CONVERSION = YES;
				CLANG_WARN_DIRECT_OBJC_ISA_USAGE = YES_ERROR;
				CLANG_WARN_DOCUMENTATION_COMMENTS = YES;
				CLANG_WARN_EMPTY_BODY = YES;
				CLANG_WARN_ENUM_CONVERSION = YES;
				CLANG_WARN_INFINITE_RECURSION = YES;
				CLANG_WARN_INT_CONVERSION = YES;
				CLANG_WARN_OBJC_ROOT_CLASS = YES_ERROR;
				CLANG_WARN_SUSPICIOUS_MOVE = YES;
				CLANG_WARN_UNREACHABLE_CODE = YES;
				CLANG_WARN__DUPLICATE_METHOD_MATCH = YES;
				CODE_SIGN_IDENTITY = "-";
				COPY_PHASE_STRIP = NO;
				DEBUG_INFORMATION_FORMAT = "dwarf-with-dsym";
				ENABLE_NS_ASSERTIONS = NO;
				ENABLE_STRICT_OBJC_MSGSEND = YES;
				GCC_C_LANGUAGE_STANDARD = gnu99;
				GCC_NO_COMMON_BLOCKS = YES;
				GCC_WARN_64_TO_32_BIT_CONVERSION = YES;
				GCC_WARN_ABOUT_RETURN_TYPE = YES_ERROR;
				GCC_WARN_UNDECLARED_SELECTOR = YES;
				GCC_WARN_UNINITIALIZED_AUTOS = YES_AGGRESSIVE;
				GCC_WARN_UNUSED_FUNCTION = YES;
				GCC_WARN_UNUSED_VARIABLE = YES;
				MACOSX_DEPLOYMENT_TARGET = 10.13;
				MTL_ENABLE_DEBUG_INFO = NO;
				SDKROOT = macosx;
			};
			name = Release;
		};
		1D41D1981EE08F4D00EB94A6 /* Debug */ = {
			isa = XCBuildConfiguration;
			buildSettings = {
				GCC_INPUT_FILETYPE = sourcecode.cpp.objcpp;
				PRODUCT_NAME = "$(TARGET_NAME)";
			};
			name = Debug;
		};
		1D41D1991EE08F4D00EB94A6 /* Release */ = {
			isa = XCBuildConfiguration;
			buildSettings = {
				GCC_INPUT_FILETYPE = sourcecode.cpp.objcpp;
				PRODUCT_NAME = "$(TARGET_NAME)";
			};
			name = Release;
		};
/* End XCBuildConfiguration section */

/* Begin XCConfigurationList section */
		1D41D18B1EE08F4D00EB94A6 /* Build configuration list for PBXProject "example_convert" */ = {
			isa = XCConfigurationList;
			buildConfigurations = (
				1D41D1951EE08F4D00EB94A6 /* Debug */,
				1D41D1961EE08F4D00EB94A6 /* Release */,
			);
			defaultConfigurationIsVisible = 0;
			defaultConfigurationName = Release;
		};
		1D41D1971EE08F4D00EB94A6 /* Build configuration list for PBXNativeTarget "example_convert" */ = {
			isa = XCConfigurationList;
			buildConfigurations = (
				1D41D1981EE08F4D00EB94A6 /* Debug */,
				1D41D1991EE08F4D00EB94A6 /* Release */,
			);
			defaultConfigurationIsVisible = 0;
			defaultConfigurationName = Release;
		};
/* End XCConfigurationList section */
	};
	rootObject = 1D41D1881EE08F4D00EB94A6 /* Project object */;
}
